{
  "name": "markdown-viewer",
  "version": "0.1.0",
  "lockfileVersion": 3,
  "requires": true,
  "packages": {
    "": {
      "name": "markdown-viewer",
      "version": "0.1.0",
      "devDependencies": {
        "@tauri-apps/cli": "2.11.5",
        "dompurify": "3.4.16",
        "markdown-it": "14.3.2",
        "playwright-core": "1.63.0"
      }
    },
    "node_modules/@tauri-apps/cli": {
      "version": "2.11.5",
      "resolved": "https://registry.npmjs.org/@tauri-apps/cli/-/cli-2.11.5.tgz",
      "integrity": "sha512-YbeJ6tctNoo40purO4u3Eeo3RVqmsjJr0NoKQRu+4pvO4gMLzkjta7x0k96SxSLmx+rQ+8um1ThOlw+HLpgFug==",
      "dev": true,
      "license": "Apache-2.0 OR MIT",
      "bin": {
        "tauri": "tauri.js"
      },
      "engines": {
        "node": ">= 10"
      },
      "funding": {
        "type": "opencollective",
        "url": "https://opencollective.com/tauri"
      },
      "optionalDependencies": {
        "@tauri-apps/cli-darwin-arm64": "2.11.5",
        "@tauri-apps/cli-darwin-x64": "2.11.5",
        "@tauri-apps/cli-linux-arm-gnueabihf": "2.11.5",
        "@tauri-apps/cli-linux-arm64-gnu": "2.11.5",
        "@tauri-apps/cli-linux-arm64-musl": "2.11.5",
        "@tauri-apps/cli-linux-riscv64-gnu": "2.11.5",
        "@tauri-apps/cli-linux-x64-gnu": "2.11.5",
        "@tauri-apps/cli-linux-x64-musl": "2.11.5",
        "@tauri-apps/cli-win32-arm64-msvc": "2.11.5",
        "@tauri-apps/cli-win32-ia32-msvc": "2.11.5",
        "@tauri-apps/cli-win32-x64-msvc": "2.11.5"
      }
    },
    "node_modules/@tauri-apps/cli-darwin-arm64": {
      "version": "2.11.5",
      "resolved": "https://registry.npmjs.org/@tauri-apps/cli-darwin-arm64/-/cli-darwin-arm64-2.11.5.tgz",
      "integrity": "sha512-tggOiVOohjIHdiElbjeBfB41s6cmfsq+ZQ0PX0fEtCdsDdZ9cCi54e5gNK7tdPbR6JbdDe7RA4kbQdyyBUUk/Q==",
      "cpu": [
        "arm64"
      ],
      "dev": true,
      "license": "Apache-2.0 OR MIT",
      "optional": true,
      "os": [
        "darwin"
      ],
      "engines": {
        "node": ">= 10"
      }
    },
    "node_modules/@tauri-apps/cli-darwin-x64": {
      "version": "2.11.5",
      "resolved": "https://registry.npmjs.org/@tauri-apps/cli-darwin-x64/-/cli-darwin-x64-2.11.5.tgz",
      "integrity": "sha512-SrO+KCbqvG1IvVPdlzQX4GEGZRQDISrmDY9bGcW68DLVFBCC06H+Loz6oyUZETUxsSMR6B4oDfvbQVgD4hxsqQ==",
      "cpu": [
        "x64"
      ],
      "dev": true,
      "license": "Apache-2.0 OR MIT",
      "optional": true,
      "os": [
        "darwin"
      ],
      "engines": {
        "node": ">= 10"
      }
    },
    "node_modules/@tauri-apps/cli-linux-arm-gnueabihf": {
      "version": "2.11.5",
      "resolved": "https://registry.npmjs.org/@tauri-apps/cli-linux-arm-gnueabihf/-/cli-linux-arm-gnueabihf-2.11.5.tgz",
      "integrity": "sha512-qLrOaCa8hLD5QVPQRjAgOXvhlTFKXmTliVF773GgvADYcWZSdmncnF5zBFAkdu1uQK8KfQbDlBUwqQYZqBfBRQ==",
      "cpu": [
        "arm"
      ],
      "dev": true,
      "license": "Apache-2.0 OR MIT",
      "optional": true,
      "os": [
        "linux"
      ],
      "engines": {
        "node": ">= 10"
      }
    },
    "node_modules/@tauri-apps/cli-linux-arm64-gnu": {
      "version": "2.11.5",
      "resolved": "https://registry.npmjs.org/@tauri-apps/cli-linux-arm64-gnu/-/cli-linux-arm64-gnu-2.11.5.tgz",
      "integrity": "sha512-Tq32xpQjiQEdIrvwDq7lwHhXemn070CXWdbCvr9rdi9rsv9NFTbQ6izVSIfNE+59QaerxuwtUtZ5IxDNWaoYBw==",
      "cpu": [
        "arm64"
      ],
      "dev": true,
      "libc": [
        "glibc"
      ],
      "license": "Apache-2.0 OR MIT",
      "optional": true,
      "os": [
        "linux"
      ],
      "engines": {
        "node": ">= 10"
      }
    },
    "node_modules/@tauri-apps/cli-linux-arm64-musl": {
      "version": "2.11.5",
      "resolved": "https://registry.npmjs.org/@tauri-apps/cli-linux-arm64-musl/-/cli-linux-arm64-musl-2.11.5.tgz",
      "integrity": "sha512-+OdWKj5Aq+C8HXypQ4t926V8cpVnc0ZcJIdhTXWjVAJHkaNuo8EuQR6KRZKHWIbJJgKdMPCDosvwzIFaBBqHKQ==",
      "cpu": [
        "arm64"
      ],
      "dev": true,
      "libc": [
        "musl"
      ],
      "license": "Apache-2.0 OR MIT",
      "optional": true,
      "os": [
        "linux"
      ],
      "engines": {
        "node": ">= 10"
      }
    },
    "node_modules/@tauri-apps/cli-linux-riscv64-gnu": {
      "version": "2.11.5",
      "resolved": "https://registry.npmjs.org/@tauri-apps/cli-linux-riscv64-gnu/-/cli-linux-riscv64-gnu-2.11.5.tgz",
      "integrity": "sha512-Q0V2hjpllyDW8dWQZSsITuQDfcY9BpBZuhXkMa2T5AFLZAn+FJPXQSyvnxWNVxRowdQ59Xn0QVtGm6HEHNUEvw==",
      "cpu": [
        "riscv64"
      ],
      "dev": true,
      "libc": [
        "glibc"
      ],
      "license": "Apache-2.0 OR MIT",
      "optional": true,
      "os": [
        "linux"
      ],
      "engines": {
        "node": ">= 10"
      }
    },
    "node_modules/@tauri-apps/cli-linux-x64-gnu": {
      "version": "2.11.5",
      "resolved": "https://registry.npmjs.org/@tauri-apps/cli-linux-x64-gnu/-/cli-linux-x64-gnu-2.11.5.tgz",
      "integrity": "sha512-Xz1s87gFjZJZMQKAhLa77YeiCJM6yVog3f9OxDgVd/KxDIoB1dA5V2xOnMM+SRkOGk9juwIBqesVAjV0kUB0DA==",
      "cpu": [
        "x64"
      ],
      "dev": true,
      "libc": [
        "glibc"
      ],
      "license": "Apache-2.0 OR MIT",
      "optional": true,
      "os": [
        "linux"
      ],
      "engines": {
        "node": ">= 10"
      }
    },
    "node_modules/@tauri-apps/cli-linux-x64-musl": {
      "version": "2.11.5",
      "resolved": "https://registry.npmjs.org/@tauri-apps/cli-linux-x64-musl/-/cli-linux-x64-musl-2.11.5.tgz",
      "integrity": "sha512-6A88wqAZXZHgMaBrGiy/Bpa4GgUnftXM7uquKOeOXCuK78/XdBxEECicK/1oHgrT179XBFOaA6lQEHysjRmGig==",
      "cpu": [
        "x64"
      ],
      "dev": true,
      "libc": [
        "musl"
      ],
      "license": "Apache-2.0 OR MIT",
      "optional": true,
      "os": [
        "linux"
      ],
      "engines": {
        "node": ">= 10"
      }
    },
    "node_modules/@tauri-apps/cli-win32-arm64-msvc": {
      "version": "2.11.5",
      "resolved": "https://registry.npmjs.org/@tauri-apps/cli-win32-arm64-msvc/-/cli-win32-arm64-msvc-2.11.5.tgz",
      "integrity": "sha512-sRGgF/ObRfLcS3PtUdyTbJtkGq3E+PNZTknvAURwMNUtHw9DU/BF6S5si43y9lS5yEO9bWJCA+GGYvnn6cphQw==",
      "cpu": [
        "arm64"
      ],
      "dev": true,
      "license": "Apache-2.0 OR MIT",
      "optional": true,
      "os": [
        "win32"
      ],
      "engines": {
        "node": ">= 10"
      }
    },
    "node_modules/@tauri-apps/cli-win32-ia32-msvc": {
      "version": "2.11.5",
      "resolved": "https://registry.npmjs.org/@tauri-apps/cli-win32-ia32-msvc/-/cli-win32-ia32-msvc-2.11.5.tgz",
      "integrity": "sha512-bHOv/yxqfKpI7ioIFQi5wOfZ7jkbPzJD/UhXY52I/hrmE3qNh71cohIPyqZB5GQn3LZeJWdCUOqmIg/w6XX+Wg==",
      "cpu": [
        "ia32"
      ],
      "dev": true,
      "license": "Apache-2.0 OR MIT",
      "optional": true,
      "os": [
        "win32"
      ],
      "engines": {
        "node": ">= 10"
      }
    },
    "node_modules/@tauri-apps/cli-win32-x64-msvc": {
      "version": "2.11.5",
      "resolved": "https://registry.npmjs.org/@tauri-apps/cli-win32-x64-msvc/-/cli-win32-x64-msvc-2.11.5.tgz",
      "integrity": "sha512-vaaOmavqdCeS7oMib2banBZemgrC5v54tSkwoBV+bxrXQZhQZrOwE2EO2i4x+CHNtvQUM/6bSs3iymZMAsycWg==",
      "cpu": [
        "x64"
      ],
      "dev": true,
      "license": "Apache-2.0 OR MIT",
      "optional": true,
      "os": [
        "win32"
      ],
      "engines": {
        "node": ">= 10"
      }
    },
    "node_modules/@types/trusted-types": {
      "version": "2.0.7",
      "resolved": "https://registry.npmjs.org/@types/trusted-types/-/trusted-types-2.0.7.tgz",
      "integrity": "sha512-ScaPdn1dQczgbl0QFTeTOmVHFULt394XJgOQNoyVhZ6r2vLnMLJfBPd53SB52T/3G36VI1/g2MZaX0cwDuXsfw==",
      "dev": true,
      "license": "MIT",
      "optional": true
    },
    "node_modules/argparse": {
      "version": "2.0.1",
      "resolved": "https://registry.npmjs.org/argparse/-/argparse-2.0.1.tgz",
      "integrity": "sha512-8+9WqebbFzpX9OR+Wa6O29asIogeRMzcGtAINdpMHHyAg10f05aSFVBbcEqGf/PXw1EjAZ+q2/bEBg3DvurK3Q==",
      "dev": true,
      "license": "Python-2.0"
    },
    "node_modules/dompurify": {
      "version": "3.4.16",
      "resolved": "https://registry.npmjs.org/dompurify/-/dompurify-3.4.16.tgz",
      "integrity": "sha512-sqo+pNp3qRhCIpbgRi1y8Tgk27Bo2Ry7w0dC1NBeNTdZChWjz9Xb/KOoZbRP/R6pQZ80Qw8YhXw13hWWBbMRnQ==",
      "dev": true,
      "license": "(MPL-2.0 OR Apache-2.0)",
      "optionalDependencies": {
        "@types/trusted-types": "^2.0.7"
      }
    },
    "node_modules/entities": {
      "version": "4.5.0",
      "resolved": "https://registry.npmjs.org/entities/-/entities-4.5.0.tgz",
      "integrity": "sha512-V0hjH4dGPh9Ao5p0MoRY6BVqtwCjhz6vI5LT8AJ55H+4g9/4vbHx1I54fS0XuclLhDHArPQCiMjDxjaL8fPxhw==",
      "dev": true,
      "license": "BSD-2-Clause",
      "engines": {
        "node": ">=0.12"
      },
      "funding": {
        "url": "https://github.com/fb55/entities?sponsor=1"
      }
    },
    "node_modules/linkify-it": {
      "version": "5.0.2",
      "resolved": "https://registry.npmjs.org/linkify-it/-/linkify-it-5.0.2.tgz",
      "integrity": "sha512-ONTm2jCMAVZjgQa/Fy1kScXsuOoF5NPTsoFBdE1KVIZ2vAh/r9+Bqo+0jINCBYnavTPQZz38QzFTme79ENoN3Q==",
      "dev": true,
      "funding": [
        {
          "type": "github",
          "url": "https://github.com/sponsors/puzrin"
        },
        {
          "type": "github",
          "url": "https://github.com/sponsors/markdown-it"
        }
      ],
      "license": "MIT",
      "dependencies": {
        "uc.micro": "^2.0.0"
      }
    },
    "node_modules/markdown-it": {
      "version": "14.3.2",
      "resolved": "https://registry.npmjs.org/markdown-it/-/markdown-it-14.3.2.tgz",
      "integrity": "sha512-sHHjZ5fJKlgrG4qns2YwVcdNep35h5fERrfkD2YNsb9UFk0UIHarbiTaHKVMlPuWAoiilyK8Fv/jAm11slsY7Q==",
      "dev": true,
      "funding": [
        {
          "type": "github",
          "url": "https://github.com/sponsors/puzrin"
        },
        {
          "type": "github",
          "url": "https://github.com/sponsors/markdown-it"
        }
      ],
      "license": "MIT",
      "dependencies": {
        "argparse": "^2.0.1",
        "entities": "^4.5.0",
        "linkify-it": "^5.0.2",
        "mdurl": "^2.0.0",
        "punycode.js": "^2.3.1",
        "uc.micro": "^2.1.0"
      },
      "bin": {
        "markdown-it": "bin/markdown-it.mjs"
      }
    },
    "node_modules/mdurl": {
      "version": "2.1.0",
      "resolved": "https://registry.npmjs.org/mdurl/-/mdurl-2.1.0.tgz",
      "integrity": "sha512-1+HBaOx0zi/dQWht8rNv9MYf9qqpqL/kxI0hXImU6Y547zM6Sni8BQibt7ifgMcYtQg41ao3Ivd6cnSM86inpg==",
      "dev": true,
      "license": "MIT"
    },
    "node_modules/playwright-core": {
      "version": "1.63.0",
      "resolved": "https://registry.npmjs.org/playwright-core/-/playwright-core-1.63.0.tgz",
      "integrity": "sha512-rYCsBF/M5HjUch52bbtVONEFjv6Xu8sm8h72dNlR5bzIE1fvC/bxgspzkjSfU+MweEMmPM8KJebG6nnyxo5mCg==",
      "dev": true,
      "license": "Apache-2.0",
      "bin": {
        "playwright-core": "cli.js"
      },
      "engines": {
        "node": ">=20"
      }
    },
    "node_modules/punycode.js": {
      "version": "2.3.1",
      "resolved": "https://registry.npmjs.org/punycode.js/-/punycode.js-2.3.1.tgz",
      "integrity": "sha512-uxFIHU0YlHYhDQtV4R9J6a52SLx28BCjT+4ieh7IGbgwVJWO+km431c4yRlREUAsAmt/uMjQUyQHNEPf0M39CA==",
      "dev": true,
      "license": "MIT",
      "engines": {
        "node": ">=6"
      }
    },
    "node_modules/uc.micro": {
      "version": "2.1.0",
      "resolved": "https://registry.npmjs.org/uc.micro/-/uc.micro-2.1.0.tgz",
      "integrity": "sha512-ARDJmphmdvUk6Glw7y9DQ2bFkKBHwQHLi2lsaH6PPmz/Ka9sFOBsBluozhDltWmnv9u/cF6Rt87znRTPV+yp/A==",
      "dev": true,
      "license": "MIT"
    }
  }
}
